
Microsoft Visual Studio Solution File, Format Version 12.00
# Visual Studio Version 16
VisualStudioVersion = 16.0.30523.141
MinimumVisualStudioVersion = 10.0.40219.1
Project("{F184B08F-C81C-45F6-A57F-5ABD9991F28F}") = "Cuestonario", "Cuestonario\Cuestonario.vbproj", "{D6E07D70-FCAE-41DC-876E-DE0D2A9222CA}"
EndProject
Global
	GlobalSection(SolutionConfigurationPlatforms) = preSolution
		Debug|Any CPU = Debug|Any CPU
		Release|Any CPU = Release|Any CPU
	EndGlobalSection
	GlobalSection(ProjectConfigurationPlatforms) = postSolution
		{D6E07D70-FCAE-41DC-876E-DE0D2A9222CA}.Debug|Any CPU.ActiveCfg = Debug|Any CPU
		{D6E07D70-FCAE-41DC-876E-DE0D2A9222CA}.Debug|Any CPU.Build.0 = Debug|Any CPU
		{D6E07D70-FCAE-41DC-876E-DE0D2A9222CA}.Release|Any CPU.ActiveCfg = Release|Any CPU
		{D6E07D70-FCAE-41DC-876E-DE0D2A9222CA}.Release|Any CPU.Build.0 = Release|Any CPU
	EndGlobalSection
	GlobalSection(SolutionProperties) = preSolution
		HideSolutionNode = FALSE
	EndGlobalSection
	GlobalSection(ExtensibilityGlobals) = postSolution
		SolutionGuid = {2605CCF8-74D4-4E0C-809B-843C0151ED08}
	EndGlobalSection
EndGlobal
